<?xml version="1.0" encoding="UTF-8" standalone="yes" ?>
<CodeBlocks_project_file>
	<FileVersion major="1" minor="6" />
	<Project>
		<Option title="AlgorithmInC" />
		<Option pch_mode="2" />
		<Option compiler="gcc" />
		<Build>
			<Target title="Debug">
				<Option output="bin/Debug/AlgorithmInC" prefix_auto="1" extension_auto="1" />
				<Option object_output="obj/Debug/" />
				<Option type="1" />
				<Option compiler="gcc" />
				<Option projectCompilerOptionsRelation="1" />
				<Compiler>
					<Add option="-g" />
					<Add option="-msse4.2" />
				</Compiler>
			</Target>
			<Target title="Release">
				<Option output="bin/Release/AlgorithmInC" prefix_auto="1" extension_auto="1" />
				<Option object_output="obj/Release/" />
				<Option type="1" />
				<Option compiler="gcc" />
				<Compiler>
					<Add option="-O2" />
				</Compiler>
				<Linker>
					<Add option="-s" />
				</Linker>
			</Target>
		</Build>
		<Compiler>
			<Add option="-Wall" />
			<Add option="-fexceptions" />
		</Compiler>
		<Unit filename="LinearList/Josephus.cpp" />
		<Unit filename="LinearList/LinearList.cpp" />
		<Unit filename="LinearList/LinearList.h" />
		<Unit filename="LinkedList/DoubleLoop/TLNode.h" />
		<Unit filename="LinkedList/DoubleLoop/TRLink.cpp" />
		<Unit filename="LinkedList/DoubleLoop/TRLink.h" />
		<Unit filename="LinkedList/Double/TLNode.h" />
		<Unit filename="LinkedList/Double/TLink.cpp" />
		<Unit filename="LinkedList/Double/TLink.h" />
		<Unit filename="LinkedList/SinglyLoop/SLNode.h" />
		<Unit filename="LinkedList/SinglyLoop/SLink.cpp" />
		<Unit filename="LinkedList/SinglyLoop/SLink.h" />
		<Unit filename="LinkedList/SinglyLoop/SRLNode.h" />
		<Unit filename="LinkedList/SinglyLoop/SRLink.cpp" />
		<Unit filename="LinkedList/SinglyLoop/SRLink.h" />
		<Unit filename="LinkedList/SinglyWithHeadNodeByTemplate/SLNode.h" />
		<Unit filename="LinkedList/SinglyWithHeadNodeByTemplate/SLink.cpp" />
		<Unit filename="LinkedList/SinglyWithHeadNodeByTemplate/SLink.h" />
		<Unit filename="LinkedList/SinglyWithHeadNode/SLink.cpp" />
		<Unit filename="LinkedList/SinglyWithHeadNode/SLink.h" />
		<Unit filename="LinkedList/Singly/OneLink.cpp" />
		<Unit filename="LinkedList/Singly/OneLink.h" />
		<Unit filename="LinkedList/Singly/OneLinkNode.h" />
		<Unit filename="Search/floodfill.cpp" />
		<Unit filename="Search/maze.cpp" />
		<Unit filename="Search/permutation.cpp" />
		<Unit filename="Search/search.h" />
		<Unit filename="bitree/bitree.cpp">
			<Option compilerVar="CC" />
		</Unit>
		<Unit filename="bitree/bitree.h" />
		<Unit filename="bitree/bitree_test.cpp">
			<Option compilerVar="CC" />
		</Unit>
		<Unit filename="common.cpp" />
		<Unit filename="common.h" />
		<Unit filename="dp/dp.cpp" />
		<Unit filename="dp/dp.h" />
		<Unit filename="dp/dp_test.cpp" />
		<Unit filename="graph/graph.cpp" />
		<Unit filename="graph/graph.h" />
		<Unit filename="graph/shortestpath.cpp" />
		<Unit filename="list.h" />
		<Unit filename="list/search_mid_list.cpp" />
		<Unit filename="main.cpp" />
		<Unit filename="quitz/bitcount.cpp" />
		<Unit filename="quitz/bitcount.h" />
		<Unit filename="quitz/fibonacci.cpp" />
		<Unit filename="quitz/greatest_common_divisor.cpp" />
		<Unit filename="quitz/least_common_mutiple.cpp" />
		<Unit filename="quitz/max_min_in_array.cpp" />
		<Unit filename="quitz/max_subarray_sum.cpp" />
		<Unit filename="quitz/max_subarray_sum.h" />
		<Unit filename="quitz/max_subarray_sum_test.cpp" />
		<Unit filename="quitz/prime.cpp" />
		<Unit filename="quitz/prime.h" />
		<Unit filename="random/random.cpp" />
		<Unit filename="random/random.h" />
		<Unit filename="sort/sort.cpp" />
		<Unit filename="sort/sort.h" />
		<Unit filename="sort/sort_main.cpp" />
		<Unit filename="string/kmp.cpp" />
		<Unit filename="string/stringalg.cpp" />
		<Unit filename="tree/BinaryTree.cpp" />
		<Unit filename="tree/BinaryTree.h" />
		<Unit filename="tree/BinaryTreeWithParent.cpp" />
		<Unit filename="tree/BinaryTreeWithParent.h" />
		<Unit filename="tree/tree.cpp" />
		<Unit filename="tree/tree.h" />
		<Extensions>
			<code_completion />
			<envvars />
			<debugger />
			<lib_finder disable_auto="1" />
		</Extensions>
	</Project>
</CodeBlocks_project_file>
